
Microsoft Visual Studio Solution File, Format Version 11.00
# Visual Studio 2010
Project("{FAE04EC0-301F-11D3-BF4B-00C04F79EFBC}") = "UnityEngine.TestRunner", "UnityEngine.TestRunner.csproj", "{d5fe495e-f823-84d4-7635-12b0a92e62da}"
EndProject
Project("{FAE04EC0-301F-11D3-BF4B-00C04F79EFBC}") = "UnityEngine.UI", "UnityEngine.UI.csproj", "{37db67d0-6668-7eba-6512-c233dfe7ce56}"
EndProject
Project("{FAE04EC0-301F-11D3-BF4B-00C04F79EFBC}") = "Unity.VisualScripting.Flow", "Unity.VisualScripting.Flow.csproj", "{72eb80e1-344e-5210-6f7f-979d8bc4ecf1}"
EndProject
Project("{FAE04EC0-301F-11D3-BF4B-00C04F79EFBC}") = "Unity.Mathematics", "Unity.Mathematics.csproj", "{72d57398-b224-6493-7101-77d170e13716}"
EndProject
Project("{FAE04EC0-301F-11D3-BF4B-00C04F79EFBC}") = "Unity.VisualScripting.State", "Unity.VisualScripting.State.csproj", "{9c339278-5132-5d25-f295-28470481e0ba}"
EndProject
Project("{FAE04EC0-301F-11D3-BF4B-00C04F79EFBC}") = "Unity.VisualScripting.Core", "Unity.VisualScripting.Core.csproj", "{5a067dd7-f160-d63b-f937-a31a1ee051db}"
EndProject
Project("{FAE04EC0-301F-11D3-BF4B-00C04F79EFBC}") = "Unity.Burst", "Unity.Burst.csproj", "{0c9338c7-5d9b-afd9-05f5-9c545d669a54}"
EndProject
Project("{FAE04EC0-301F-11D3-BF4B-00C04F79EFBC}") = "Unity.2D.Animation.Runtime", "Unity.2D.Animation.Runtime.csproj", "{ab2094b9-7b84-7aa4-1d94-55604c66c392}"
EndProject
Project("{FAE04EC0-301F-11D3-BF4B-00C04F79EFBC}") = "Unity.TextMeshPro", "Unity.TextMeshPro.csproj", "{bdaeb733-3279-592b-bfe8-76316a140160}"
EndProject
Project("{FAE04EC0-301F-11D3-BF4B-00C04F79EFBC}") = "Unity.Timeline", "Unity.Timeline.csproj", "{c4be81c0-e354-fd8c-7b3d-55c8ea466136}"
EndProject
Project("{FAE04EC0-301F-11D3-BF4B-00C04F79EFBC}") = "Assembly-CSharp", "Assembly-CSharp.csproj", "{76e17c88-f8cb-c23d-13ca-5bfc878a3fcb}"
EndProject
Project("{FAE04EC0-301F-11D3-BF4B-00C04F79EFBC}") = "Unity.2D.SpriteShape.Runtime", "Unity.2D.SpriteShape.Runtime.csproj", "{344d2459-cdfc-38e4-5ed1-7fdbb6d4f785}"
EndProject
Project("{FAE04EC0-301F-11D3-BF4B-00C04F79EFBC}") = "Unity.2D.PixelPerfect", "Unity.2D.PixelPerfect.csproj", "{c1083fe6-6f04-3f4e-ac8c-2fe2a379431f}"
EndProject
Project("{FAE04EC0-301F-11D3-BF4B-00C04F79EFBC}") = "Unity.2D.Common.Runtime", "Unity.2D.Common.Runtime.csproj", "{d90a358d-ca27-1927-1745-f79e793c39cf}"
EndProject
Project("{FAE04EC0-301F-11D3-BF4B-00C04F79EFBC}") = "Unity.2D.IK.Runtime", "Unity.2D.IK.Runtime.csproj", "{8d1f019f-a83e-68d1-92ad-47b579fb7341}"
EndProject
Project("{FAE04EC0-301F-11D3-BF4B-00C04F79EFBC}") = "Unity.2D.Tilemap.Extras", "Unity.2D.Tilemap.Extras.csproj", "{f778a195-3ae0-5eac-2aac-87df8f96aaa8}"
EndProject
Project("{FAE04EC0-301F-11D3-BF4B-00C04F79EFBC}") = "Unity.InternalAPIEngineBridge.001", "Unity.InternalAPIEngineBridge.001.csproj", "{6bce02ce-1628-49fc-2319-95319afe10ea}"
EndProject
Project("{FAE04EC0-301F-11D3-BF4B-00C04F79EFBC}") = "Unity.PlasticSCM.Editor", "Unity.PlasticSCM.Editor.csproj", "{e7c331b4-bfcc-0121-93d0-9b8dc04c18b5}"
EndProject
Project("{FAE04EC0-301F-11D3-BF4B-00C04F79EFBC}") = "Unity.VisualScripting.Core.Editor", "Unity.VisualScripting.Core.Editor.csproj", "{77d31f49-4c6d-5f41-d346-bbc8e2e39d9a}"
EndProject
Project("{FAE04EC0-301F-11D3-BF4B-00C04F79EFBC}") = "Unity.VisualScripting.Flow.Editor", "Unity.VisualScripting.Flow.Editor.csproj", "{76477be0-626b-8dcc-5dfb-5618201877aa}"
EndProject
Project("{FAE04EC0-301F-11D3-BF4B-00C04F79EFBC}") = "Unity.VisualStudio.Editor", "Unity.VisualStudio.Editor.csproj", "{a6e422c5-8112-4a77-4004-e82475f6de9d}"
EndProject
Project("{FAE04EC0-301F-11D3-BF4B-00C04F79EFBC}") = "Unity.Timeline.Editor", "Unity.Timeline.Editor.csproj", "{9425e61e-3061-8dfe-699e-44f3976911f2}"
EndProject
Project("{FAE04EC0-301F-11D3-BF4B-00C04F79EFBC}") = "Unity.VisualScripting.State.Editor", "Unity.VisualScripting.State.Editor.csproj", "{9908e5a4-d3d5-f860-784f-6342978cc827}"
EndProject
Project("{FAE04EC0-301F-11D3-BF4B-00C04F79EFBC}") = "Unity.TextMeshPro.Editor", "Unity.TextMeshPro.Editor.csproj", "{240f7200-ab58-441c-b604-124cc78ef3a7}"
EndProject
Project("{FAE04EC0-301F-11D3-BF4B-00C04F79EFBC}") = "Unity.2D.Animation.Editor", "Unity.2D.Animation.Editor.csproj", "{ecfd000b-0134-e02b-41ef-358caa116dae}"
EndProject
Project("{FAE04EC0-301F-11D3-BF4B-00C04F79EFBC}") = "Unity.VisualScripting.SettingsProvider.Editor", "Unity.VisualScripting.SettingsProvider.Editor.csproj", "{25c49340-e2aa-df36-b074-859a5f4839d3}"
EndProject
Project("{FAE04EC0-301F-11D3-BF4B-00C04F79EFBC}") = "UnityEditor.TestRunner", "UnityEditor.TestRunner.csproj", "{cc5f86d8-395b-3ecd-16c3-9cd254dc5110}"
EndProject
Project("{FAE04EC0-301F-11D3-BF4B-00C04F79EFBC}") = "Unity.2D.Tilemap.Editor", "Unity.2D.Tilemap.Editor.csproj", "{25ec03cd-f6ab-0c5c-befc-e52c56a37ad6}"
EndProject
Project("{FAE04EC0-301F-11D3-BF4B-00C04F79EFBC}") = "Unity.Rider.Editor", "Unity.Rider.Editor.csproj", "{f8829d22-eaf0-809f-7b2f-29cd8804b391}"
EndProject
Project("{FAE04EC0-301F-11D3-BF4B-00C04F79EFBC}") = "Unity.2D.Path.Editor", "Unity.2D.Path.Editor.csproj", "{71350c15-0402-aa29-1d7e-77a51b46aab2}"
EndProject
Project("{FAE04EC0-301F-11D3-BF4B-00C04F79EFBC}") = "PsdPlugin", "PsdPlugin.csproj", "{e3bdf0bd-eb6b-a7aa-27a0-8f3567152482}"
EndProject
Project("{FAE04EC0-301F-11D3-BF4B-00C04F79EFBC}") = "Unity.2D.IK.Editor", "Unity.2D.IK.Editor.csproj", "{6a244acd-1f02-d378-7efb-65db666a9a45}"
EndProject
Project("{FAE04EC0-301F-11D3-BF4B-00C04F79EFBC}") = "Unity.2D.Psdimporter.Editor", "Unity.2D.Psdimporter.Editor.csproj", "{9bd50541-9164-97e5-cccc-7ffdee65135c}"
EndProject
Project("{FAE04EC0-301F-11D3-BF4B-00C04F79EFBC}") = "Unity.2D.SpriteShape.Editor", "Unity.2D.SpriteShape.Editor.csproj", "{25a3a235-1a43-22a1-2d0a-78c1b013f387}"
EndProject
Project("{FAE04EC0-301F-11D3-BF4B-00C04F79EFBC}") = "Unity.Burst.CodeGen", "Unity.Burst.CodeGen.csproj", "{b9e013d5-78d1-d56d-e424-6739626a6e10}"
EndProject
Project("{FAE04EC0-301F-11D3-BF4B-00C04F79EFBC}") = "Unity.2D.PixelPerfect.Editor", "Unity.2D.PixelPerfect.Editor.csproj", "{8e72f202-cb65-b6d9-21a7-ee3dd2e1df1f}"
EndProject
Project("{FAE04EC0-301F-11D3-BF4B-00C04F79EFBC}") = "Unity.VSCode.Editor", "Unity.VSCode.Editor.csproj", "{99674aae-cf45-5ae7-9c78-459bd1e037d1}"
EndProject
Project("{FAE04EC0-301F-11D3-BF4B-00C04F79EFBC}") = "Unity.2D.Sprite.Editor", "Unity.2D.Sprite.Editor.csproj", "{37e4a0fd-1965-1642-08a0-dbc049d3359d}"
EndProject
Project("{FAE04EC0-301F-11D3-BF4B-00C04F79EFBC}") = "UnityEditor.UI", "UnityEditor.UI.csproj", "{2cff9409-2165-c1a7-34a5-43c301e343f8}"
EndProject
Project("{FAE04EC0-301F-11D3-BF4B-00C04F79EFBC}") = "Unity.2D.Common.Editor", "Unity.2D.Common.Editor.csproj", "{c38a7c26-5859-1af9-6497-919f3b0270a8}"
EndProject
Project("{FAE04EC0-301F-11D3-BF4B-00C04F79EFBC}") = "Unity.CollabProxy.Editor", "Unity.CollabProxy.Editor.csproj", "{4df4d7f3-1c2a-382e-525f-a2541ae8efee}"
EndProject
Project("{FAE04EC0-301F-11D3-BF4B-00C04F79EFBC}") = "Unity.Mathematics.Editor", "Unity.Mathematics.Editor.csproj", "{e20b15e2-b7ef-1f98-9082-65f378232a51}"
EndProject
Project("{FAE04EC0-301F-11D3-BF4B-00C04F79EFBC}") = "Unity.2D.Tilemap.Extras.Editor", "Unity.2D.Tilemap.Extras.Editor.csproj", "{7dedde45-086f-6186-f1cb-53f1e0803c47}"
EndProject
Project("{FAE04EC0-301F-11D3-BF4B-00C04F79EFBC}") = "Unity.Burst.Editor", "Unity.Burst.Editor.csproj", "{5651adb2-7f1f-0449-1a63-8a5d19bce884}"
EndProject
Project("{FAE04EC0-301F-11D3-BF4B-00C04F79EFBC}") = "Unity.InternalAPIEditorBridge.001", "Unity.InternalAPIEditorBridge.001.csproj", "{b22f20a8-5d96-42f6-9101-5fbe1e7c3034}"
EndProject
Project("{FAE04EC0-301F-11D3-BF4B-00C04F79EFBC}") = "Unity.VisualScripting.Shared.Editor", "Unity.VisualScripting.Shared.Editor.csproj", "{b785d6a8-b802-41ef-7c12-8568b5d1ceef}"
EndProject
Global
	GlobalSection(SolutionConfigurationPlatforms) = preSolution
		Debug|Any CPU = Debug|Any CPU
	EndGlobalSection
	GlobalSection(ProjectConfigurationPlatforms) = postSolution
		{d5fe495e-f823-84d4-7635-12b0a92e62da}.Debug|Any CPU.ActiveCfg = Debug|Any CPU
		{d5fe495e-f823-84d4-7635-12b0a92e62da}.Debug|Any CPU.Build.0 = Debug|Any CPU
		{37db67d0-6668-7eba-6512-c233dfe7ce56}.Debug|Any CPU.ActiveCfg = Debug|Any CPU
		{37db67d0-6668-7eba-6512-c233dfe7ce56}.Debug|Any CPU.Build.0 = Debug|Any CPU
		{72eb80e1-344e-5210-6f7f-979d8bc4ecf1}.Debug|Any CPU.ActiveCfg = Debug|Any CPU
		{72eb80e1-344e-5210-6f7f-979d8bc4ecf1}.Debug|Any CPU.Build.0 = Debug|Any CPU
		{72d57398-b224-6493-7101-77d170e13716}.Debug|Any CPU.ActiveCfg = Debug|Any CPU
		{72d57398-b224-6493-7101-77d170e13716}.Debug|Any CPU.Build.0 = Debug|Any CPU
		{9c339278-5132-5d25-f295-28470481e0ba}.Debug|Any CPU.ActiveCfg = Debug|Any CPU
		{9c339278-5132-5d25-f295-28470481e0ba}.Debug|Any CPU.Build.0 = Debug|Any CPU
		{5a067dd7-f160-d63b-f937-a31a1ee051db}.Debug|Any CPU.ActiveCfg = Debug|Any CPU
		{5a067dd7-f160-d63b-f937-a31a1ee051db}.Debug|Any CPU.Build.0 = Debug|Any CPU
		{0c9338c7-5d9b-afd9-05f5-9c545d669a54}.Debug|Any CPU.ActiveCfg = Debug|Any CPU
		{0c9338c7-5d9b-afd9-05f5-9c545d669a54}.Debug|Any CPU.Build.0 = Debug|Any CPU
		{ab2094b9-7b84-7aa4-1d94-55604c66c392}.Debug|Any CPU.ActiveCfg = Debug|Any CPU
		{ab2094b9-7b84-7aa4-1d94-55604c66c392}.Debug|Any CPU.Build.0 = Debug|Any CPU
		{bdaeb733-3279-592b-bfe8-76316a140160}.Debug|Any CPU.ActiveCfg = Debug|Any CPU
		{bdaeb733-3279-592b-bfe8-76316a140160}.Debug|Any CPU.Build.0 = Debug|Any CPU
		{c4be81c0-e354-fd8c-7b3d-55c8ea466136}.Debug|Any CPU.ActiveCfg = Debug|Any CPU
		{c4be81c0-e354-fd8c-7b3d-55c8ea466136}.Debug|Any CPU.Build.0 = Debug|Any CPU
		{76e17c88-f8cb-c23d-13ca-5bfc878a3fcb}.Debug|Any CPU.ActiveCfg = Debug|Any CPU
		{76e17c88-f8cb-c23d-13ca-5bfc878a3fcb}.Debug|Any CPU.Build.0 = Debug|Any CPU
		{344d2459-cdfc-38e4-5ed1-7fdbb6d4f785}.Debug|Any CPU.ActiveCfg = Debug|Any CPU
		{344d2459-cdfc-38e4-5ed1-7fdbb6d4f785}.Debug|Any CPU.Build.0 = Debug|Any CPU
		{c1083fe6-6f04-3f4e-ac8c-2fe2a379431f}.Debug|Any CPU.ActiveCfg = Debug|Any CPU
		{c1083fe6-6f04-3f4e-ac8c-2fe2a379431f}.Debug|Any CPU.Build.0 = Debug|Any CPU
		{d90a358d-ca27-1927-1745-f79e793c39cf}.Debug|Any CPU.ActiveCfg = Debug|Any CPU
		{d90a358d-ca27-1927-1745-f79e793c39cf}.Debug|Any CPU.Build.0 = Debug|Any CPU
		{8d1f019f-a83e-68d1-92ad-47b579fb7341}.Debug|Any CPU.ActiveCfg = Debug|Any CPU
		{8d1f019f-a83e-68d1-92ad-47b579fb7341}.Debug|Any CPU.Build.0 = Debug|Any CPU
		{f778a195-3ae0-5eac-2aac-87df8f96aaa8}.Debug|Any CPU.ActiveCfg = Debug|Any CPU
		{f778a195-3ae0-5eac-2aac-87df8f96aaa8}.Debug|Any CPU.Build.0 = Debug|Any CPU
		{6bce02ce-1628-49fc-2319-95319afe10ea}.Debug|Any CPU.ActiveCfg = Debug|Any CPU
		{6bce02ce-1628-49fc-2319-95319afe10ea}.Debug|Any CPU.Build.0 = Debug|Any CPU
		{e7c331b4-bfcc-0121-93d0-9b8dc04c18b5}.Debug|Any CPU.ActiveCfg = Debug|Any CPU
		{e7c331b4-bfcc-0121-93d0-9b8dc04c18b5}.Debug|Any CPU.Build.0 = Debug|Any CPU
		{77d31f49-4c6d-5f41-d346-bbc8e2e39d9a}.Debug|Any CPU.ActiveCfg = Debug|Any CPU
		{77d31f49-4c6d-5f41-d346-bbc8e2e39d9a}.Debug|Any CPU.Build.0 = Debug|Any CPU
		{76477be0-626b-8dcc-5dfb-5618201877aa}.Debug|Any CPU.ActiveCfg = Debug|Any CPU
		{76477be0-626b-8dcc-5dfb-5618201877aa}.Debug|Any CPU.Build.0 = Debug|Any CPU
		{a6e422c5-8112-4a77-4004-e82475f6de9d}.Debug|Any CPU.ActiveCfg = Debug|Any CPU
		{a6e422c5-8112-4a77-4004-e82475f6de9d}.Debug|Any CPU.Build.0 = Debug|Any CPU
		{9425e61e-3061-8dfe-699e-44f3976911f2}.Debug|Any CPU.ActiveCfg = Debug|Any CPU
		{9425e61e-3061-8dfe-699e-44f3976911f2}.Debug|Any CPU.Build.0 = Debug|Any CPU
		{9908e5a4-d3d5-f860-784f-6342978cc827}.Debug|Any CPU.ActiveCfg = Debug|Any CPU
		{9908e5a4-d3d5-f860-784f-6342978cc827}.Debug|Any CPU.Build.0 = Debug|Any CPU
		{240f7200-ab58-441c-b604-124cc78ef3a7}.Debug|Any CPU.ActiveCfg = Debug|Any CPU
		{240f7200-ab58-441c-b604-124cc78ef3a7}.Debug|Any CPU.Build.0 = Debug|Any CPU
		{ecfd000b-0134-e02b-41ef-358caa116dae}.Debug|Any CPU.ActiveCfg = Debug|Any CPU
		{ecfd000b-0134-e02b-41ef-358caa116dae}.Debug|Any CPU.Build.0 = Debug|Any CPU
		{25c49340-e2aa-df36-b074-859a5f4839d3}.Debug|Any CPU.ActiveCfg = Debug|Any CPU
		{25c49340-e2aa-df36-b074-859a5f4839d3}.Debug|Any CPU.Build.0 = Debug|Any CPU
		{cc5f86d8-395b-3ecd-16c3-9cd254dc5110}.Debug|Any CPU.ActiveCfg = Debug|Any CPU
		{cc5f86d8-395b-3ecd-16c3-9cd254dc5110}.Debug|Any CPU.Build.0 = Debug|Any CPU
		{25ec03cd-f6ab-0c5c-befc-e52c56a37ad6}.Debug|Any CPU.ActiveCfg = Debug|Any CPU
		{25ec03cd-f6ab-0c5c-befc-e52c56a37ad6}.Debug|Any CPU.Build.0 = Debug|Any CPU
		{f8829d22-eaf0-809f-7b2f-29cd8804b391}.Debug|Any CPU.ActiveCfg = Debug|Any CPU
		{f8829d22-eaf0-809f-7b2f-29cd8804b391}.Debug|Any CPU.Build.0 = Debug|Any CPU
		{71350c15-0402-aa29-1d7e-77a51b46aab2}.Debug|Any CPU.ActiveCfg = Debug|Any CPU
		{71350c15-0402-aa29-1d7e-77a51b46aab2}.Debug|Any CPU.Build.0 = Debug|Any CPU
		{e3bdf0bd-eb6b-a7aa-27a0-8f3567152482}.Debug|Any CPU.ActiveCfg = Debug|Any CPU
		{e3bdf0bd-eb6b-a7aa-27a0-8f3567152482}.Debug|Any CPU.Build.0 = Debug|Any CPU
		{6a244acd-1f02-d378-7efb-65db666a9a45}.Debug|Any CPU.ActiveCfg = Debug|Any CPU
		{6a244acd-1f02-d378-7efb-65db666a9a45}.Debug|Any CPU.Build.0 = Debug|Any CPU
		{9bd50541-9164-97e5-cccc-7ffdee65135c}.Debug|Any CPU.ActiveCfg = Debug|Any CPU
		{9bd50541-9164-97e5-cccc-7ffdee65135c}.Debug|Any CPU.Build.0 = Debug|Any CPU
		{25a3a235-1a43-22a1-2d0a-78c1b013f387}.Debug|Any CPU.ActiveCfg = Debug|Any CPU
		{25a3a235-1a43-22a1-2d0a-78c1b013f387}.Debug|Any CPU.Build.0 = Debug|Any CPU
		{b9e013d5-78d1-d56d-e424-6739626a6e10}.Debug|Any CPU.ActiveCfg = Debug|Any CPU
		{b9e013d5-78d1-d56d-e424-6739626a6e10}.Debug|Any CPU.Build.0 = Debug|Any CPU
		{8e72f202-cb65-b6d9-21a7-ee3dd2e1df1f}.Debug|Any CPU.ActiveCfg = Debug|Any CPU
		{8e72f202-cb65-b6d9-21a7-ee3dd2e1df1f}.Debug|Any CPU.Build.0 = Debug|Any CPU
		{99674aae-cf45-5ae7-9c78-459bd1e037d1}.Debug|Any CPU.ActiveCfg = Debug|Any CPU
		{99674aae-cf45-5ae7-9c78-459bd1e037d1}.Debug|Any CPU.Build.0 = Debug|Any CPU
		{37e4a0fd-1965-1642-08a0-dbc049d3359d}.Debug|Any CPU.ActiveCfg = Debug|Any CPU
		{37e4a0fd-1965-1642-08a0-dbc049d3359d}.Debug|Any CPU.Build.0 = Debug|Any CPU
		{2cff9409-2165-c1a7-34a5-43c301e343f8}.Debug|Any CPU.ActiveCfg = Debug|Any CPU
		{2cff9409-2165-c1a7-34a5-43c301e343f8}.Debug|Any CPU.Build.0 = Debug|Any CPU
		{c38a7c26-5859-1af9-6497-919f3b0270a8}.Debug|Any CPU.ActiveCfg = Debug|Any CPU
		{c38a7c26-5859-1af9-6497-919f3b0270a8}.Debug|Any CPU.Build.0 = Debug|Any CPU
		{4df4d7f3-1c2a-382e-525f-a2541ae8efee}.Debug|Any CPU.ActiveCfg = Debug|Any CPU
		{4df4d7f3-1c2a-382e-525f-a2541ae8efee}.Debug|Any CPU.Build.0 = Debug|Any CPU
		{e20b15e2-b7ef-1f98-9082-65f378232a51}.Debug|Any CPU.ActiveCfg = Debug|Any CPU
		{e20b15e2-b7ef-1f98-9082-65f378232a51}.Debug|Any CPU.Build.0 = Debug|Any CPU
		{7dedde45-086f-6186-f1cb-53f1e0803c47}.Debug|Any CPU.ActiveCfg = Debug|Any CPU
		{7dedde45-086f-6186-f1cb-53f1e0803c47}.Debug|Any CPU.Build.0 = Debug|Any CPU
		{5651adb2-7f1f-0449-1a63-8a5d19bce884}.Debug|Any CPU.ActiveCfg = Debug|Any CPU
		{5651adb2-7f1f-0449-1a63-8a5d19bce884}.Debug|Any CPU.Build.0 = Debug|Any CPU
		{b22f20a8-5d96-42f6-9101-5fbe1e7c3034}.Debug|Any CPU.ActiveCfg = Debug|Any CPU
		{b22f20a8-5d96-42f6-9101-5fbe1e7c3034}.Debug|Any CPU.Build.0 = Debug|Any CPU
		{b785d6a8-b802-41ef-7c12-8568b5d1ceef}.Debug|Any CPU.ActiveCfg = Debug|Any CPU
		{b785d6a8-b802-41ef-7c12-8568b5d1ceef}.Debug|Any CPU.Build.0 = Debug|Any CPU
	EndGlobalSection
	GlobalSection(SolutionProperties) = preSolution
		HideSolutionNode = FALSE
	EndGlobalSection
EndGlobal
